
Microsoft Visual Studio Solution File, Format Version 12.00
# Visual Studio Version 17
VisualStudioVersion = 17.14.36310.24 d17.14
MinimumVisualStudioVersion = 10.0.40219.1
Project("{FAE04EC0-301F-11D3-BF4B-00C04F79EFBC}") = "ProxyPattern", "ProxyPattern.csproj", "{93AADE0E-9827-48A3-A2A2-6341C818B891}"
EndProject
Global
	GlobalSection(SolutionConfigurationPlatforms) = preSolution
		Debug|Any CPU = Debug|Any CPU
		Release|Any CPU = Release|Any CPU
	EndGlobalSection
	GlobalSection(ProjectConfigurationPlatforms) = postSolution
		{93AADE0E-9827-48A3-A2A2-6341C818B891}.Debug|Any CPU.ActiveCfg = Debug|Any CPU
		{93AADE0E-9827-48A3-A2A2-6341C818B891}.Debug|Any CPU.Build.0 = Debug|Any CPU
		{93AADE0E-9827-48A3-A2A2-6341C818B891}.Release|Any CPU.ActiveCfg = Release|Any CPU
		{93AADE0E-9827-48A3-A2A2-6341C818B891}.Release|Any CPU.Build.0 = Release|Any CPU
	EndGlobalSection
	GlobalSection(SolutionProperties) = preSolution
		HideSolutionNode = FALSE
	EndGlobalSection
	GlobalSection(ExtensibilityGlobals) = postSolution
		SolutionGuid = {371130A6-BD5F-4333-A2F8-15783E5F1E62}
	EndGlobalSection
EndGlobal
