
Microsoft Visual Studio Solution File, Format Version 12.00
# Visual Studio Version 17
VisualStudioVersion = 17.14.36401.2 d17.14
MinimumVisualStudioVersion = 10.0.40219.1
Project("{FAE04EC0-301F-11D3-BF4B-00C04F79EFBC}") = "Ass4Q1", "Ass4Q1.csproj", "{C1679119-F981-484D-960D-48087483D654}"
EndProject
Global
	GlobalSection(SolutionConfigurationPlatforms) = preSolution
		Debug|Any CPU = Debug|Any CPU
		Release|Any CPU = Release|Any CPU
	EndGlobalSection
	GlobalSection(ProjectConfigurationPlatforms) = postSolution
		{C1679119-F981-484D-960D-48087483D654}.Debug|Any CPU.ActiveCfg = Debug|Any CPU
		{C1679119-F981-484D-960D-48087483D654}.Debug|Any CPU.Build.0 = Debug|Any CPU
		{C1679119-F981-484D-960D-48087483D654}.Release|Any CPU.ActiveCfg = Release|Any CPU
		{C1679119-F981-484D-960D-48087483D654}.Release|Any CPU.Build.0 = Release|Any CPU
	EndGlobalSection
	GlobalSection(SolutionProperties) = preSolution
		HideSolutionNode = FALSE
	EndGlobalSection
	GlobalSection(ExtensibilityGlobals) = postSolution
		SolutionGuid = {4D0C80F6-A1D4-4256-8450-9DAA4E3D7125}
	EndGlobalSection
EndGlobal
