
Microsoft Visual Studio Solution File, Format Version 12.00
# Visual Studio Version 17
VisualStudioVersion = 17.14.36401.2 d17.14
MinimumVisualStudioVersion = 10.0.40219.1
Project("{FAE04EC0-301F-11D3-BF4B-00C04F79EFBC}") = "DecoratorPractice", "DecoratorPractice.csproj", "{89847ACD-28D8-48F4-9F99-FEF9F176F057}"
EndProject
Global
	GlobalSection(SolutionConfigurationPlatforms) = preSolution
		Debug|Any CPU = Debug|Any CPU
		Release|Any CPU = Release|Any CPU
	EndGlobalSection
	GlobalSection(ProjectConfigurationPlatforms) = postSolution
		{89847ACD-28D8-48F4-9F99-FEF9F176F057}.Debug|Any CPU.ActiveCfg = Debug|Any CPU
		{89847ACD-28D8-48F4-9F99-FEF9F176F057}.Debug|Any CPU.Build.0 = Debug|Any CPU
		{89847ACD-28D8-48F4-9F99-FEF9F176F057}.Release|Any CPU.ActiveCfg = Release|Any CPU
		{89847ACD-28D8-48F4-9F99-FEF9F176F057}.Release|Any CPU.Build.0 = Release|Any CPU
	EndGlobalSection
	GlobalSection(SolutionProperties) = preSolution
		HideSolutionNode = FALSE
	EndGlobalSection
	GlobalSection(ExtensibilityGlobals) = postSolution
		SolutionGuid = {6B4B920C-1142-443C-B103-148FBA36A9A2}
	EndGlobalSection
EndGlobal
