
Microsoft Visual Studio Solution File, Format Version 12.00
# Visual Studio Version 17
VisualStudioVersion = 17.14.36401.2 d17.14
MinimumVisualStudioVersion = 10.0.40219.1
Project("{FAE04EC0-301F-11D3-BF4B-00C04F79EFBC}") = "Factory", "Factory.csproj", "{28F00E1C-2ED9-4D29-B877-5CC56879A498}"
EndProject
Global
	GlobalSection(SolutionConfigurationPlatforms) = preSolution
		Debug|Any CPU = Debug|Any CPU
		Release|Any CPU = Release|Any CPU
	EndGlobalSection
	GlobalSection(ProjectConfigurationPlatforms) = postSolution
		{28F00E1C-2ED9-4D29-B877-5CC56879A498}.Debug|Any CPU.ActiveCfg = Debug|Any CPU
		{28F00E1C-2ED9-4D29-B877-5CC56879A498}.Debug|Any CPU.Build.0 = Debug|Any CPU
		{28F00E1C-2ED9-4D29-B877-5CC56879A498}.Release|Any CPU.ActiveCfg = Release|Any CPU
		{28F00E1C-2ED9-4D29-B877-5CC56879A498}.Release|Any CPU.Build.0 = Release|Any CPU
	EndGlobalSection
	GlobalSection(SolutionProperties) = preSolution
		HideSolutionNode = FALSE
	EndGlobalSection
	GlobalSection(ExtensibilityGlobals) = postSolution
		SolutionGuid = {087EA7D9-D8BE-462A-8CA0-5ABCF93D1FE1}
	EndGlobalSection
EndGlobal
