
Microsoft Visual Studio Solution File, Format Version 12.00
# Visual Studio Version 17
VisualStudioVersion = 17.14.36401.2 d17.14
MinimumVisualStudioVersion = 10.0.40219.1
Project("{FAE04EC0-301F-11D3-BF4B-00C04F79EFBC}") = "Factory", "Factory.csproj", "{15D9D28F-5ABC-4FFD-99EB-0AE7AE3E1765}"
EndProject
Global
	GlobalSection(SolutionConfigurationPlatforms) = preSolution
		Debug|Any CPU = Debug|Any CPU
		Release|Any CPU = Release|Any CPU
	EndGlobalSection
	GlobalSection(ProjectConfigurationPlatforms) = postSolution
		{15D9D28F-5ABC-4FFD-99EB-0AE7AE3E1765}.Debug|Any CPU.ActiveCfg = Debug|Any CPU
		{15D9D28F-5ABC-4FFD-99EB-0AE7AE3E1765}.Debug|Any CPU.Build.0 = Debug|Any CPU
		{15D9D28F-5ABC-4FFD-99EB-0AE7AE3E1765}.Release|Any CPU.ActiveCfg = Release|Any CPU
		{15D9D28F-5ABC-4FFD-99EB-0AE7AE3E1765}.Release|Any CPU.Build.0 = Release|Any CPU
	EndGlobalSection
	GlobalSection(SolutionProperties) = preSolution
		HideSolutionNode = FALSE
	EndGlobalSection
	GlobalSection(ExtensibilityGlobals) = postSolution
		SolutionGuid = {CAC819F3-7670-47B4-832C-FCCA7E683ED7}
	EndGlobalSection
EndGlobal
