
Microsoft Visual Studio Solution File, Format Version 12.00
# Visual Studio Version 17
VisualStudioVersion = 17.14.36401.2 d17.14
MinimumVisualStudioVersion = 10.0.40219.1
Project("{FAE04EC0-301F-11D3-BF4B-00C04F79EFBC}") = "WindowsFormsApp1", "WindowsFormsApp1.csproj", "{97D50139-BD79-4A08-B65B-F671DF27F114}"
EndProject
Global
	GlobalSection(SolutionConfigurationPlatforms) = preSolution
		Debug|Any CPU = Debug|Any CPU
		Release|Any CPU = Release|Any CPU
	EndGlobalSection
	GlobalSection(ProjectConfigurationPlatforms) = postSolution
		{97D50139-BD79-4A08-B65B-F671DF27F114}.Debug|Any CPU.ActiveCfg = Debug|Any CPU
		{97D50139-BD79-4A08-B65B-F671DF27F114}.Debug|Any CPU.Build.0 = Debug|Any CPU
		{97D50139-BD79-4A08-B65B-F671DF27F114}.Release|Any CPU.ActiveCfg = Release|Any CPU
		{97D50139-BD79-4A08-B65B-F671DF27F114}.Release|Any CPU.Build.0 = Release|Any CPU
	EndGlobalSection
	GlobalSection(SolutionProperties) = preSolution
		HideSolutionNode = FALSE
	EndGlobalSection
	GlobalSection(ExtensibilityGlobals) = postSolution
		SolutionGuid = {780FCACC-4B53-4023-A48A-918446CB2E5F}
	EndGlobalSection
EndGlobal
