
Microsoft Visual Studio Solution File, Format Version 12.00
# Visual Studio Version 17
VisualStudioVersion = 17.14.36310.24 d17.14
MinimumVisualStudioVersion = 10.0.40219.1
Project("{FAE04EC0-301F-11D3-BF4B-00C04F79EFBC}") = "Decorator", "Decorator.csproj", "{04AC8661-A027-479B-928D-135971393ECB}"
EndProject
Global
	GlobalSection(SolutionConfigurationPlatforms) = preSolution
		Debug|Any CPU = Debug|Any CPU
		Release|Any CPU = Release|Any CPU
	EndGlobalSection
	GlobalSection(ProjectConfigurationPlatforms) = postSolution
		{04AC8661-A027-479B-928D-135971393ECB}.Debug|Any CPU.ActiveCfg = Debug|Any CPU
		{04AC8661-A027-479B-928D-135971393ECB}.Debug|Any CPU.Build.0 = Debug|Any CPU
		{04AC8661-A027-479B-928D-135971393ECB}.Release|Any CPU.ActiveCfg = Release|Any CPU
		{04AC8661-A027-479B-928D-135971393ECB}.Release|Any CPU.Build.0 = Release|Any CPU
	EndGlobalSection
	GlobalSection(SolutionProperties) = preSolution
		HideSolutionNode = FALSE
	EndGlobalSection
	GlobalSection(ExtensibilityGlobals) = postSolution
		SolutionGuid = {55053154-CEBF-45B6-942F-F93F2E9F5092}
	EndGlobalSection
EndGlobal
