
Microsoft Visual Studio Solution File, Format Version 12.00
# Visual Studio Version 17
VisualStudioVersion = 17.14.36310.24 d17.14
MinimumVisualStudioVersion = 10.0.40219.1
Project("{FAE04EC0-301F-11D3-BF4B-00C04F79EFBC}") = "Stratergy", "Stratergy.csproj", "{3E68FB1B-DC7A-4030-B086-CB57F19D4CD4}"
EndProject
Global
	GlobalSection(SolutionConfigurationPlatforms) = preSolution
		Debug|Any CPU = Debug|Any CPU
		Release|Any CPU = Release|Any CPU
	EndGlobalSection
	GlobalSection(ProjectConfigurationPlatforms) = postSolution
		{3E68FB1B-DC7A-4030-B086-CB57F19D4CD4}.Debug|Any CPU.ActiveCfg = Debug|Any CPU
		{3E68FB1B-DC7A-4030-B086-CB57F19D4CD4}.Debug|Any CPU.Build.0 = Debug|Any CPU
		{3E68FB1B-DC7A-4030-B086-CB57F19D4CD4}.Release|Any CPU.ActiveCfg = Release|Any CPU
		{3E68FB1B-DC7A-4030-B086-CB57F19D4CD4}.Release|Any CPU.Build.0 = Release|Any CPU
	EndGlobalSection
	GlobalSection(SolutionProperties) = preSolution
		HideSolutionNode = FALSE
	EndGlobalSection
	GlobalSection(ExtensibilityGlobals) = postSolution
		SolutionGuid = {567512D1-2E53-4FEC-966B-259A7492E4FD}
	EndGlobalSection
EndGlobal
