
Microsoft Visual Studio Solution File, Format Version 12.00
# Visual Studio Version 17
VisualStudioVersion = 17.14.36119.2 d17.14
MinimumVisualStudioVersion = 10.0.40219.1
Project("{FAE04EC0-301F-11D3-BF4B-00C04F79EFBC}") = "App1", "App1\App1.csproj", "{AD9276A5-7DF5-405B-B9BB-05FA86CBB992}"
EndProject
Global
	GlobalSection(SolutionConfigurationPlatforms) = preSolution
		Debug|Any CPU = Debug|Any CPU
		Release|Any CPU = Release|Any CPU
	EndGlobalSection
	GlobalSection(ProjectConfigurationPlatforms) = postSolution
		{AD9276A5-7DF5-405B-B9BB-05FA86CBB992}.Debug|Any CPU.ActiveCfg = Debug|Any CPU
		{AD9276A5-7DF5-405B-B9BB-05FA86CBB992}.Debug|Any CPU.Build.0 = Debug|Any CPU
		{AD9276A5-7DF5-405B-B9BB-05FA86CBB992}.Release|Any CPU.ActiveCfg = Release|Any CPU
		{AD9276A5-7DF5-405B-B9BB-05FA86CBB992}.Release|Any CPU.Build.0 = Release|Any CPU
	EndGlobalSection
	GlobalSection(SolutionProperties) = preSolution
		HideSolutionNode = FALSE
	EndGlobalSection
	GlobalSection(ExtensibilityGlobals) = postSolution
		SolutionGuid = {6F299406-8463-4DBE-84D0-B711D05C54D2}
	EndGlobalSection
EndGlobal
