
Microsoft Visual Studio Solution File, Format Version 12.00
# Visual Studio Version 17
VisualStudioVersion = 17.14.36401.2 d17.14
MinimumVisualStudioVersion = 10.0.40219.1
Project("{FAE04EC0-301F-11D3-BF4B-00C04F79EFBC}") = "SStatergy", "SStatergy.csproj", "{CD8AD74E-E1A2-4007-89C7-CBC03DE182C7}"
EndProject
Global
	GlobalSection(SolutionConfigurationPlatforms) = preSolution
		Debug|Any CPU = Debug|Any CPU
		Release|Any CPU = Release|Any CPU
	EndGlobalSection
	GlobalSection(ProjectConfigurationPlatforms) = postSolution
		{CD8AD74E-E1A2-4007-89C7-CBC03DE182C7}.Debug|Any CPU.ActiveCfg = Debug|Any CPU
		{CD8AD74E-E1A2-4007-89C7-CBC03DE182C7}.Debug|Any CPU.Build.0 = Debug|Any CPU
		{CD8AD74E-E1A2-4007-89C7-CBC03DE182C7}.Release|Any CPU.ActiveCfg = Release|Any CPU
		{CD8AD74E-E1A2-4007-89C7-CBC03DE182C7}.Release|Any CPU.Build.0 = Release|Any CPU
	EndGlobalSection
	GlobalSection(SolutionProperties) = preSolution
		HideSolutionNode = FALSE
	EndGlobalSection
	GlobalSection(ExtensibilityGlobals) = postSolution
		SolutionGuid = {3D96C09D-4FFB-41E0-8F76-387C57CFD042}
	EndGlobalSection
EndGlobal
