
Microsoft Visual Studio Solution File, Format Version 12.00
# Visual Studio Version 17
VisualStudioVersion = 17.14.36310.24 d17.14
MinimumVisualStudioVersion = 10.0.40219.1
Project("{FAE04EC0-301F-11D3-BF4B-00C04F79EFBC}") = "Singaleton", "Singaleton.csproj", "{23080E05-0120-4213-9465-092926547C74}"
EndProject
Global
	GlobalSection(SolutionConfigurationPlatforms) = preSolution
		Debug|Any CPU = Debug|Any CPU
		Release|Any CPU = Release|Any CPU
	EndGlobalSection
	GlobalSection(ProjectConfigurationPlatforms) = postSolution
		{23080E05-0120-4213-9465-092926547C74}.Debug|Any CPU.ActiveCfg = Debug|Any CPU
		{23080E05-0120-4213-9465-092926547C74}.Debug|Any CPU.Build.0 = Debug|Any CPU
		{23080E05-0120-4213-9465-092926547C74}.Release|Any CPU.ActiveCfg = Release|Any CPU
		{23080E05-0120-4213-9465-092926547C74}.Release|Any CPU.Build.0 = Release|Any CPU
	EndGlobalSection
	GlobalSection(SolutionProperties) = preSolution
		HideSolutionNode = FALSE
	EndGlobalSection
	GlobalSection(ExtensibilityGlobals) = postSolution
		SolutionGuid = {740FAC03-BD92-4EC3-95FC-CD30E6245615}
	EndGlobalSection
EndGlobal
