
Microsoft Visual Studio Solution File, Format Version 12.00
# Visual Studio Version 17
VisualStudioVersion = 17.14.36401.2 d17.14
MinimumVisualStudioVersion = 10.0.40219.1
Project("{FAE04EC0-301F-11D3-BF4B-00C04F79EFBC}") = "DecoratorPattern", "DecoratorPattern.csproj", "{EEC07234-6EA8-4972-8643-4AA8A71B31C5}"
EndProject
Global
	GlobalSection(SolutionConfigurationPlatforms) = preSolution
		Debug|Any CPU = Debug|Any CPU
		Release|Any CPU = Release|Any CPU
	EndGlobalSection
	GlobalSection(ProjectConfigurationPlatforms) = postSolution
		{EEC07234-6EA8-4972-8643-4AA8A71B31C5}.Debug|Any CPU.ActiveCfg = Debug|Any CPU
		{EEC07234-6EA8-4972-8643-4AA8A71B31C5}.Debug|Any CPU.Build.0 = Debug|Any CPU
		{EEC07234-6EA8-4972-8643-4AA8A71B31C5}.Release|Any CPU.ActiveCfg = Release|Any CPU
		{EEC07234-6EA8-4972-8643-4AA8A71B31C5}.Release|Any CPU.Build.0 = Release|Any CPU
	EndGlobalSection
	GlobalSection(SolutionProperties) = preSolution
		HideSolutionNode = FALSE
	EndGlobalSection
	GlobalSection(ExtensibilityGlobals) = postSolution
		SolutionGuid = {3E825A1C-AE38-43EA-A742-CCA199A2661E}
	EndGlobalSection
EndGlobal
