
Microsoft Visual Studio Solution File, Format Version 12.00
# Visual Studio Version 17
VisualStudioVersion = 17.14.36401.2 d17.14
MinimumVisualStudioVersion = 10.0.40219.1
Project("{FAE04EC0-301F-11D3-BF4B-00C04F79EFBC}") = "StatePattern", "StatePattern.csproj", "{4AEF5448-5A0C-42D5-B906-5A96EDB15138}"
EndProject
Global
	GlobalSection(SolutionConfigurationPlatforms) = preSolution
		Debug|Any CPU = Debug|Any CPU
		Release|Any CPU = Release|Any CPU
	EndGlobalSection
	GlobalSection(ProjectConfigurationPlatforms) = postSolution
		{4AEF5448-5A0C-42D5-B906-5A96EDB15138}.Debug|Any CPU.ActiveCfg = Debug|Any CPU
		{4AEF5448-5A0C-42D5-B906-5A96EDB15138}.Debug|Any CPU.Build.0 = Debug|Any CPU
		{4AEF5448-5A0C-42D5-B906-5A96EDB15138}.Release|Any CPU.ActiveCfg = Release|Any CPU
		{4AEF5448-5A0C-42D5-B906-5A96EDB15138}.Release|Any CPU.Build.0 = Release|Any CPU
	EndGlobalSection
	GlobalSection(SolutionProperties) = preSolution
		HideSolutionNode = FALSE
	EndGlobalSection
	GlobalSection(ExtensibilityGlobals) = postSolution
		SolutionGuid = {C66AD865-331F-47D6-98B1-AE6821313809}
	EndGlobalSection
EndGlobal
